
Microsoft Visual Studio Solution File, Format Version 12.00
# Visual Studio Version 16
VisualStudioVersion = 25.0.1706.5
MinimumVisualStudioVersion = 10.0.40219.1
Project("{FAE04EC0-301F-11D3-BF4B-00C04F79EFBC}") = "DesafioProjetoHospedagem", "DesafioProjetoHospedagem.csproj", "{AFCF5ED4-236E-4E9A-BA9C-A4B5AD80B7F8}"
EndProject
Global
	GlobalSection(SolutionConfigurationPlatforms) = preSolution
		Debug|Any CPU = Debug|Any CPU
		Release|Any CPU = Release|Any CPU
	EndGlobalSection
	GlobalSection(ProjectConfigurationPlatforms) = postSolution
		{AFCF5ED4-236E-4E9A-BA9C-A4B5AD80B7F8}.Debug|Any CPU.ActiveCfg = Debug|Any CPU
		{AFCF5ED4-236E-4E9A-BA9C-A4B5AD80B7F8}.Debug|Any CPU.Build.0 = Debug|Any CPU
		{AFCF5ED4-236E-4E9A-BA9C-A4B5AD80B7F8}.Release|Any CPU.ActiveCfg = Release|Any CPU
		{AFCF5ED4-236E-4E9A-BA9C-A4B5AD80B7F8}.Release|Any CPU.Build.0 = Release|Any CPU
	EndGlobalSection
	GlobalSection(SolutionProperties) = preSolution
		HideSolutionNode = FALSE
	EndGlobalSection
	GlobalSection(ExtensibilityGlobals) = postSolution
		SolutionGuid = {24DC2BDA-0CBE-4632-907C-BAA27332BB89}
	EndGlobalSection
EndGlobal
